
Microsoft Visual Studio Solution File, Format Version 12.00
# Visual Studio Version 17
VisualStudioVersion = 17.6.33723.286
MinimumVisualStudioVersion = 10.0.40219.1
Project("{FAE04EC0-301F-11D3-BF4B-00C04F79EFBC}") = "CatalogService.WebAPI", "src\CartingService.WebAPI\CatalogService.WebAPI.csproj", "{416FECF6-D823-4374-BFE8-462B6B8EA520}"
EndProject
Project("{FAE04EC0-301F-11D3-BF4B-00C04F79EFBC}") = "CatalogService.Infrastructure", "src\CartingService.Infrastructure\CatalogService.Infrastructure.csproj", "{13CFB691-4AD1-4D2B-B36F-F6C21CF95EAD}"
EndProject
Project("{FAE04EC0-301F-11D3-BF4B-00C04F79EFBC}") = "CatalogService.Domain", "src\CartingService.Domain\CatalogService.Domain.csproj", "{E817DF46-2314-4955-BB49-C269AD9398EA}"
EndProject
Project("{FAE04EC0-301F-11D3-BF4B-00C04F79EFBC}") = "CatalogService.Application", "src\CartingService.Application\CatalogService.Application.csproj", "{33C643BA-5229-4F73-97BE-748ACF31AB53}"
EndProject
Project("{2150E333-8FDC-42A3-9474-1A3956D46DE8}") = "src", "src", "{B69EC382-BA1D-4D58-9D43-A74B14CD2492}"
EndProject
Project("{2150E333-8FDC-42A3-9474-1A3956D46DE8}") = "tests", "tests", "{4BF49020-DD21-4037-BA2D-176B8FFACF11}"
EndProject
Global
	GlobalSection(SolutionConfigurationPlatforms) = preSolution
		Debug|Any CPU = Debug|Any CPU
		Release|Any CPU = Release|Any CPU
	EndGlobalSection
	GlobalSection(ProjectConfigurationPlatforms) = postSolution
		{416FECF6-D823-4374-BFE8-462B6B8EA520}.Debug|Any CPU.ActiveCfg = Debug|Any CPU
		{416FECF6-D823-4374-BFE8-462B6B8EA520}.Debug|Any CPU.Build.0 = Debug|Any CPU
		{416FECF6-D823-4374-BFE8-462B6B8EA520}.Release|Any CPU.ActiveCfg = Release|Any CPU
		{416FECF6-D823-4374-BFE8-462B6B8EA520}.Release|Any CPU.Build.0 = Release|Any CPU
		{13CFB691-4AD1-4D2B-B36F-F6C21CF95EAD}.Debug|Any CPU.ActiveCfg = Debug|Any CPU
		{13CFB691-4AD1-4D2B-B36F-F6C21CF95EAD}.Debug|Any CPU.Build.0 = Debug|Any CPU
		{13CFB691-4AD1-4D2B-B36F-F6C21CF95EAD}.Release|Any CPU.ActiveCfg = Release|Any CPU
		{13CFB691-4AD1-4D2B-B36F-F6C21CF95EAD}.Release|Any CPU.Build.0 = Release|Any CPU
		{E817DF46-2314-4955-BB49-C269AD9398EA}.Debug|Any CPU.ActiveCfg = Debug|Any CPU
		{E817DF46-2314-4955-BB49-C269AD9398EA}.Debug|Any CPU.Build.0 = Debug|Any CPU
		{E817DF46-2314-4955-BB49-C269AD9398EA}.Release|Any CPU.ActiveCfg = Release|Any CPU
		{E817DF46-2314-4955-BB49-C269AD9398EA}.Release|Any CPU.Build.0 = Release|Any CPU
		{33C643BA-5229-4F73-97BE-748ACF31AB53}.Debug|Any CPU.ActiveCfg = Debug|Any CPU
		{33C643BA-5229-4F73-97BE-748ACF31AB53}.Debug|Any CPU.Build.0 = Debug|Any CPU
		{33C643BA-5229-4F73-97BE-748ACF31AB53}.Release|Any CPU.ActiveCfg = Release|Any CPU
		{33C643BA-5229-4F73-97BE-748ACF31AB53}.Release|Any CPU.Build.0 = Release|Any CPU
	EndGlobalSection
	GlobalSection(SolutionProperties) = preSolution
		HideSolutionNode = FALSE
	EndGlobalSection
	GlobalSection(NestedProjects) = preSolution
		{416FECF6-D823-4374-BFE8-462B6B8EA520} = {B69EC382-BA1D-4D58-9D43-A74B14CD2492}
		{13CFB691-4AD1-4D2B-B36F-F6C21CF95EAD} = {B69EC382-BA1D-4D58-9D43-A74B14CD2492}
		{E817DF46-2314-4955-BB49-C269AD9398EA} = {B69EC382-BA1D-4D58-9D43-A74B14CD2492}
		{33C643BA-5229-4F73-97BE-748ACF31AB53} = {B69EC382-BA1D-4D58-9D43-A74B14CD2492}
	EndGlobalSection
	GlobalSection(ExtensibilityGlobals) = postSolution
		SolutionGuid = {11B1EED0-C4C3-4214-AAFD-476C75BCCB81}
	EndGlobalSection
EndGlobal
